{
  "nodes": {
    "core-flake-schemas": {
      "inputs": {
        "flake-schemas": "flake-schemas"
      },
      "locked": {
        "dir": "partitions/schemas",
        "lastModified": 1777141747,
        "narHash": "sha256-EunOFa2hGIj1ePtzS0e+5x17WaJzZxULnHMGhHekMJM=",
        "owner": "nixology",
        "repo": "core",
        "rev": "ca440a5e3683e64f7d15249dc0276749892ebd07",
        "type": "github"
      },
      "original": {
        "dir": "partitions/schemas",
        "owner": "nixology",
        "repo": "core",
        "type": "github"
      }
    },
    "flake-schemas": {
      "locked": {
        "lastModified": 1773072327,
        "narHash": "sha256-jffaEGY9Tt0IgiI1qHd/cXLeTMftOqpI/gtkS/J+Xg0=",
        "owner": "DeterminateSystems",
        "repo": "flake-schemas",
        "rev": "834aaadfc96174a3abd124cf3c9a7373c26d12ad",
        "type": "github"
      },
      "original": {
        "owner": "DeterminateSystems",
        "repo": "flake-schemas",
        "type": "github"
      }
    },
    "root": {
      "inputs": {
        "core-flake-schemas": "core-flake-schemas",
        "flake-schemas": [
          "core-flake-schemas",
          "flake-schemas"
        ]
      }
    }
  },
  "root": "root",
  "version": 7
}
