{
  "nodes": {
    "core-flake-schemas": {
      "inputs": {
        "flake-schemas": "flake-schemas"
      },
      "locked": {
        "dir": "partitions/schemas",
        "lastModified": 1777298889,
        "narHash": "sha256-b+8CD7+3He0qk17wLrBbWoW9CRwXIhoRmFqgiTmzO3w=",
        "owner": "nixology",
        "repo": "core",
        "rev": "3e4a58daab64f508220f49c0a9bc6e4ce007e6de",
        "type": "github"
      },
      "original": {
        "dir": "partitions/schemas",
        "owner": "nixology",
        "repo": "core",
        "type": "github"
      }
    },
    "flake-schemas": {
      "locked": {
        "lastModified": 1776384880,
        "narHash": "sha256-28Cg9HI/IwFHUm5fZyMEGCQ94L3Il6K4OfHeRf0b+Zw=",
        "owner": "DeterminateSystems",
        "repo": "flake-schemas",
        "rev": "b852751d29c6e09919f25c1e10754646bdc181c9",
        "type": "github"
      },
      "original": {
        "owner": "DeterminateSystems",
        "repo": "flake-schemas",
        "type": "github"
      }
    },
    "root": {
      "inputs": {
        "core-flake-schemas": "core-flake-schemas",
        "flake-schemas": [
          "core-flake-schemas",
          "flake-schemas"
        ]
      }
    }
  },
  "root": "root",
  "version": 7
}
