{
  "nodes": {
    "core-flake-schemas": {
      "inputs": {
        "flake-schemas": "flake-schemas"
      },
      "locked": {
        "dir": "partitions/schemas",
        "lastModified": 1776954050,
        "narHash": "sha256-4UDqRWrbU+wQav51+xLFNsaWqA/YnT/Ne+7ZQ1JTMzI=",
        "owner": "nixology",
        "repo": "core",
        "rev": "3e01e50f47f4fbcef92a7a87868d694afd4a4d53",
        "type": "github"
      },
      "original": {
        "dir": "partitions/schemas",
        "owner": "nixology",
        "repo": "core",
        "type": "github"
      }
    },
    "flake-schemas": {
      "locked": {
        "lastModified": 1773072327,
        "narHash": "sha256-jffaEGY9Tt0IgiI1qHd/cXLeTMftOqpI/gtkS/J+Xg0=",
        "owner": "DeterminateSystems",
        "repo": "flake-schemas",
        "rev": "834aaadfc96174a3abd124cf3c9a7373c26d12ad",
        "type": "github"
      },
      "original": {
        "owner": "DeterminateSystems",
        "repo": "flake-schemas",
        "type": "github"
      }
    },
    "root": {
      "inputs": {
        "core-flake-schemas": "core-flake-schemas",
        "flake-schemas": [
          "core-flake-schemas",
          "flake-schemas"
        ]
      }
    }
  },
  "root": "root",
  "version": 7
}
